// !$*UTF8*$!
{
	archiveVersion = 1;
	classes = {
	};
	objectVersion = 56;
	objects = {

/* Begin PBXBuildFile section */
		B40D97B52B13038E004DBC1F /* UIImage+Extensions.swift in Sources */ = {isa = PBXBuildFile; fileRef = B40D97B42B13038E004DBC1F /* UIImage+Extensions.swift */; };
		B40D97BB2B15D80F004DBC1F /* UIColor+Extensions.swift in Sources */ = {isa = PBXBuildFile; fileRef = B40D97BA2B15D80F004DBC1F /* UIColor+Extensions.swift */; };
		B40D97BD2B15DE33004DBC1F /* UIFont+Extensions.swift in Sources */ = {isa = PBXBuildFile; fileRef = B40D97BC2B15DE33004DBC1F /* UIFont+Extensions.swift */; };
		B40D97C02B15DFF4004DBC1F /* MainCoordinator.swift in Sources */ = {isa = PBXBuildFile; fileRef = B40D97BE2B15DFF4004DBC1F /* MainCoordinator.swift */; };
		B40D97C12B15DFF4004DBC1F /* Coordinator.swift in Sources */ = {isa = PBXBuildFile; fileRef = B40D97BF2B15DFF4004DBC1F /* Coordinator.swift */; };
		B40D97CA2B15E2BA004DBC1F /* InsertEmailViewController.swift in Sources */ = {isa = PBXBuildFile; fileRef = B40D97C92B15E2BA004DBC1F /* InsertEmailViewController.swift */; };
		B40D97CC2B15E3F9004DBC1F /* LoginViewModel.swift in Sources */ = {isa = PBXBuildFile; fileRef = B40D97CB2B15E3F9004DBC1F /* LoginViewModel.swift */; };
		B40D97CE2B15E77E004DBC1F /* InsertEmailView.swift in Sources */ = {isa = PBXBuildFile; fileRef = B40D97CD2B15E77E004DBC1F /* InsertEmailView.swift */; };
		B45017822B12D65D00373308 /* AppDelegate.swift in Sources */ = {isa = PBXBuildFile; fileRef = B45017812B12D65D00373308 /* AppDelegate.swift */; };
		B45017842B12D65D00373308 /* SceneDelegate.swift in Sources */ = {isa = PBXBuildFile; fileRef = B45017832B12D65D00373308 /* SceneDelegate.swift */; };
		B45017862B12D65D00373308 /* LoginViewController.swift in Sources */ = {isa = PBXBuildFile; fileRef = B45017852B12D65D00373308 /* LoginViewController.swift */; };
		B45017892B12D65D00373308 /* Main.storyboard in Resources */ = {isa = PBXBuildFile; fileRef = B45017872B12D65D00373308 /* Main.storyboard */; };
		B450178B2B12D65E00373308 /* Assets.xcassets in Resources */ = {isa = PBXBuildFile; fileRef = B450178A2B12D65E00373308 /* Assets.xcassets */; };
		B450178E2B12D65E00373308 /* LaunchScreen.storyboard in Resources */ = {isa = PBXBuildFile; fileRef = B450178C2B12D65E00373308 /* LaunchScreen.storyboard */; };
		B45017992B12D65F00373308 /* SpotifyCloneTests.swift in Sources */ = {isa = PBXBuildFile; fileRef = B45017982B12D65F00373308 /* SpotifyCloneTests.swift */; };
		B45017A32B12D65F00373308 /* SpotifyCloneUITests.swift in Sources */ = {isa = PBXBuildFile; fileRef = B45017A22B12D65F00373308 /* SpotifyCloneUITests.swift */; };
		B45017A52B12D65F00373308 /* SpotifyCloneUITestsLaunchTests.swift in Sources */ = {isa = PBXBuildFile; fileRef = B45017A42B12D65F00373308 /* SpotifyCloneUITestsLaunchTests.swift */; };
		B45017BC2B12D9F300373308 /* LoginViewScreen.swift in Sources */ = {isa = PBXBuildFile; fileRef = B45017BB2B12D9F300373308 /* LoginViewScreen.swift */; };
		B45017C32B12DA9C00373308 /* BaseTableViewCell.swift in Sources */ = {isa = PBXBuildFile; fileRef = B45017C02B12DA9C00373308 /* BaseTableViewCell.swift */; };
		B45017C42B12DA9C00373308 /* BaseViewCell.swift in Sources */ = {isa = PBXBuildFile; fileRef = B45017C12B12DA9C00373308 /* BaseViewCell.swift */; };
		B45017C52B12DA9C00373308 /* BaseView.swift in Sources */ = {isa = PBXBuildFile; fileRef = B45017C22B12DA9C00373308 /* BaseView.swift */; };
		B45017CA2B12DC3600373308 /* SnapKit in Frameworks */ = {isa = PBXBuildFile; productRef = B45017C92B12DC3600373308 /* SnapKit */; };
		B4AA9A8E2B169CC90053E663 /* InsertEmailViewModel.swift in Sources */ = {isa = PBXBuildFile; fileRef = B4AA9A8D2B169CC90053E663 /* InsertEmailViewModel.swift */; };
		B4AA9A912B16E7D60053E663 /* CreatePasswordForEmailViewModel.swift in Sources */ = {isa = PBXBuildFile; fileRef = B4AA9A902B16E7D60053E663 /* CreatePasswordForEmailViewModel.swift */; };
		B4AA9A932B16E7ED0053E663 /* CreatePasswordForEmailView.swift in Sources */ = {isa = PBXBuildFile; fileRef = B4AA9A922B16E7ED0053E663 /* CreatePasswordForEmailView.swift */; };
		B4AA9A952B16E9750053E663 /* CreatePasswordForEmailViewController.swift in Sources */ = {isa = PBXBuildFile; fileRef = B4AA9A942B16E9750053E663 /* CreatePasswordForEmailViewController.swift */; };
		B4AA9A972B196FFA0053E663 /* DateOfBirthViewController.swift in Sources */ = {isa = PBXBuildFile; fileRef = B4AA9A962B196FFA0053E663 /* DateOfBirthViewController.swift */; };
		B4AA9A992B19705D0053E663 /* DateOfBirthView.swift in Sources */ = {isa = PBXBuildFile; fileRef = B4AA9A982B19705D0053E663 /* DateOfBirthView.swift */; };
		B4AA9A9B2B1970D00053E663 /* DateOfBirthViewModel.swift in Sources */ = {isa = PBXBuildFile; fileRef = B4AA9A9A2B1970D00053E663 /* DateOfBirthViewModel.swift */; };
		B4AA9AA02B1F8E100053E663 /* GenderView.swift in Sources */ = {isa = PBXBuildFile; fileRef = B4AA9A9F2B1F8E100053E663 /* GenderView.swift */; };
		B4AA9AA32B1F8F3D0053E663 /* GenderViewController.swift in Sources */ = {isa = PBXBuildFile; fileRef = B4AA9AA22B1F8F3D0053E663 /* GenderViewController.swift */; };
		B4AA9AA52B1F8FE30053E663 /* GenderViewModel.swift in Sources */ = {isa = PBXBuildFile; fileRef = B4AA9AA42B1F8FE30053E663 /* GenderViewModel.swift */; };
		B4AA9AA72B217A640053E663 /* NextButton.swift in Sources */ = {isa = PBXBuildFile; fileRef = B4AA9AA62B217A640053E663 /* NextButton.swift */; };
		B4AA9AAA2B217BB70053E663 /* TitleLabel.swift in Sources */ = {isa = PBXBuildFile; fileRef = B4AA9AA92B217BB70053E663 /* TitleLabel.swift */; };
		B4AA9AAC2B217EF00053E663 /* NoticeLabel.swift in Sources */ = {isa = PBXBuildFile; fileRef = B4AA9AAB2B217EF00053E663 /* NoticeLabel.swift */; };
		B4AA9AAE2B217F750053E663 /* DefaultTextField.swift in Sources */ = {isa = PBXBuildFile; fileRef = B4AA9AAD2B217F750053E663 /* DefaultTextField.swift */; };
		B4AA9AB02B2185B90053E663 /* NameAndTermOfUseView.swift in Sources */ = {isa = PBXBuildFile; fileRef = B4AA9AAF2B2185B90053E663 /* NameAndTermOfUseView.swift */; };
		B4AA9AB22B2187D70053E663 /* NameAndTermOfUseViewController.swift in Sources */ = {isa = PBXBuildFile; fileRef = B4AA9AB12B2187D70053E663 /* NameAndTermOfUseViewController.swift */; };
/* End PBXBuildFile section */

/* Begin PBXContainerItemProxy section */
		B45017952B12D65F00373308 /* PBXContainerItemProxy */ = {
			isa = PBXContainerItemProxy;
			containerPortal = B45017762B12D65D00373308 /* Project object */;
			proxyType = 1;
			remoteGlobalIDString = B450177D2B12D65D00373308;
			remoteInfo = SpotifyClone;
		};
		B450179F2B12D65F00373308 /* PBXContainerItemProxy */ = {
			isa = PBXContainerItemProxy;
			containerPortal = B45017762B12D65D00373308 /* Project object */;
			proxyType = 1;
			remoteGlobalIDString = B450177D2B12D65D00373308;
			remoteInfo = SpotifyClone;
		};
/* End PBXContainerItemProxy section */

/* Begin PBXFileReference section */
		B40D97B42B13038E004DBC1F /* UIImage+Extensions.swift */ = {isa = PBXFileReference; lastKnownFileType = sourcecode.swift; path = "UIImage+Extensions.swift"; sourceTree = "<group>"; };
		B40D97BA2B15D80F004DBC1F /* UIColor+Extensions.swift */ = {isa = PBXFileReference; lastKnownFileType = sourcecode.swift; path = "UIColor+Extensions.swift"; sourceTree = "<group>"; };
		B40D97BC2B15DE33004DBC1F /* UIFont+Extensions.swift */ = {isa = PBXFileReference; lastKnownFileType = sourcecode.swift; path = "UIFont+Extensions.swift"; sourceTree = "<group>"; };
		B40D97BE2B15DFF4004DBC1F /* MainCoordinator.swift */ = {isa = PBXFileReference; fileEncoding = 4; lastKnownFileType = sourcecode.swift; path = MainCoordinator.swift; sourceTree = "<group>"; };
		B40D97BF2B15DFF4004DBC1F /* Coordinator.swift */ = {isa = PBXFileReference; fileEncoding = 4; lastKnownFileType = sourcecode.swift; path = Coordinator.swift; sourceTree = "<group>"; };
		B40D97C92B15E2BA004DBC1F /* InsertEmailViewController.swift */ = {isa = PBXFileReference; lastKnownFileType = sourcecode.swift; path = InsertEmailViewController.swift; sourceTree = "<group>"; };
		B40D97CB2B15E3F9004DBC1F /* LoginViewModel.swift */ = {isa = PBXFileReference; lastKnownFileType = sourcecode.swift; path = LoginViewModel.swift; sourceTree = "<group>"; };
		B40D97CD2B15E77E004DBC1F /* InsertEmailView.swift */ = {isa = PBXFileReference; lastKnownFileType = sourcecode.swift; path = InsertEmailView.swift; sourceTree = "<group>"; };
		B450177E2B12D65D00373308 /* SpotifyClone.app */ = {isa = PBXFileReference; explicitFileType = wrapper.application; includeInIndex = 0; path = SpotifyClone.app; sourceTree = BUILT_PRODUCTS_DIR; };
		B45017812B12D65D00373308 /* AppDelegate.swift */ = {isa = PBXFileReference; lastKnownFileType = sourcecode.swift; path = AppDelegate.swift; sourceTree = "<group>"; };
		B45017832B12D65D00373308 /* SceneDelegate.swift */ = {isa = PBXFileReference; lastKnownFileType = sourcecode.swift; path = SceneDelegate.swift; sourceTree = "<group>"; };
		B45017852B12D65D00373308 /* LoginViewController.swift */ = {isa = PBXFileReference; lastKnownFileType = sourcecode.swift; path = LoginViewController.swift; sourceTree = "<group>"; };
		B45017882B12D65D00373308 /* Base */ = {isa = PBXFileReference; lastKnownFileType = file.storyboard; name = Base; path = Base.lproj/Main.storyboard; sourceTree = "<group>"; };
		B450178A2B12D65E00373308 /* Assets.xcassets */ = {isa = PBXFileReference; lastKnownFileType = folder.assetcatalog; path = Assets.xcassets; sourceTree = "<group>"; };
		B450178D2B12D65E00373308 /* Base */ = {isa = PBXFileReference; lastKnownFileType = file.storyboard; name = Base; path = Base.lproj/LaunchScreen.storyboard; sourceTree = "<group>"; };
		B450178F2B12D65E00373308 /* Info.plist */ = {isa = PBXFileReference; lastKnownFileType = text.plist.xml; path = Info.plist; sourceTree = "<group>"; };
		B45017942B12D65F00373308 /* SpotifyCloneTests.xctest */ = {isa = PBXFileReference; explicitFileType = wrapper.cfbundle; includeInIndex = 0; path = SpotifyCloneTests.xctest; sourceTree = BUILT_PRODUCTS_DIR; };
		B45017982B12D65F00373308 /* SpotifyCloneTests.swift */ = {isa = PBXFileReference; lastKnownFileType = sourcecode.swift; path = SpotifyCloneTests.swift; sourceTree = "<group>"; };
		B450179E2B12D65F00373308 /* SpotifyCloneUITests.xctest */ = {isa = PBXFileReference; explicitFileType = wrapper.cfbundle; includeInIndex = 0; path = SpotifyCloneUITests.xctest; sourceTree = BUILT_PRODUCTS_DIR; };
		B45017A22B12D65F00373308 /* SpotifyCloneUITests.swift */ = {isa = PBXFileReference; lastKnownFileType = sourcecode.swift; path = SpotifyCloneUITests.swift; sourceTree = "<group>"; };
		B45017A42B12D65F00373308 /* SpotifyCloneUITestsLaunchTests.swift */ = {isa = PBXFileReference; lastKnownFileType = sourcecode.swift; path = SpotifyCloneUITestsLaunchTests.swift; sourceTree = "<group>"; };
		B45017BB2B12D9F300373308 /* LoginViewScreen.swift */ = {isa = PBXFileReference; lastKnownFileType = sourcecode.swift; path = LoginViewScreen.swift; sourceTree = "<group>"; };
		B45017C02B12DA9C00373308 /* BaseTableViewCell.swift */ = {isa = PBXFileReference; fileEncoding = 4; lastKnownFileType = sourcecode.swift; path = BaseTableViewCell.swift; sourceTree = "<group>"; };
		B45017C12B12DA9C00373308 /* BaseViewCell.swift */ = {isa = PBXFileReference; fileEncoding = 4; lastKnownFileType = sourcecode.swift; path = BaseViewCell.swift; sourceTree = "<group>"; };
		B45017C22B12DA9C00373308 /* BaseView.swift */ = {isa = PBXFileReference; fileEncoding = 4; lastKnownFileType = sourcecode.swift; path = BaseView.swift; sourceTree = "<group>"; };
		B4AA9A8D2B169CC90053E663 /* InsertEmailViewModel.swift */ = {isa = PBXFileReference; lastKnownFileType = sourcecode.swift; path = InsertEmailViewModel.swift; sourceTree = "<group>"; };
		B4AA9A902B16E7D60053E663 /* CreatePasswordForEmailViewModel.swift */ = {isa = PBXFileReference; lastKnownFileType = sourcecode.swift; path = CreatePasswordForEmailViewModel.swift; sourceTree = "<group>"; };
		B4AA9A922B16E7ED0053E663 /* CreatePasswordForEmailView.swift */ = {isa = PBXFileReference; lastKnownFileType = sourcecode.swift; path = CreatePasswordForEmailView.swift; sourceTree = "<group>"; };
		B4AA9A942B16E9750053E663 /* CreatePasswordForEmailViewController.swift */ = {isa = PBXFileReference; lastKnownFileType = sourcecode.swift; path = CreatePasswordForEmailViewController.swift; sourceTree = "<group>"; };
		B4AA9A962B196FFA0053E663 /* DateOfBirthViewController.swift */ = {isa = PBXFileReference; lastKnownFileType = sourcecode.swift; path = DateOfBirthViewController.swift; sourceTree = "<group>"; };
		B4AA9A982B19705D0053E663 /* DateOfBirthView.swift */ = {isa = PBXFileReference; lastKnownFileType = sourcecode.swift; path = DateOfBirthView.swift; sourceTree = "<group>"; };
		B4AA9A9A2B1970D00053E663 /* DateOfBirthViewModel.swift */ = {isa = PBXFileReference; lastKnownFileType = sourcecode.swift; path = DateOfBirthViewModel.swift; sourceTree = "<group>"; };
		B4AA9A9F2B1F8E100053E663 /* GenderView.swift */ = {isa = PBXFileReference; lastKnownFileType = sourcecode.swift; path = GenderView.swift; sourceTree = "<group>"; };
		B4AA9AA22B1F8F3D0053E663 /* GenderViewController.swift */ = {isa = PBXFileReference; lastKnownFileType = sourcecode.swift; path = GenderViewController.swift; sourceTree = "<group>"; };
		B4AA9AA42B1F8FE30053E663 /* GenderViewModel.swift */ = {isa = PBXFileReference; lastKnownFileType = sourcecode.swift; path = GenderViewModel.swift; sourceTree = "<group>"; };
		B4AA9AA62B217A640053E663 /* NextButton.swift */ = {isa = PBXFileReference; fileEncoding = 4; lastKnownFileType = sourcecode.swift; path = NextButton.swift; sourceTree = "<group>"; };
		B4AA9AA92B217BB70053E663 /* TitleLabel.swift */ = {isa = PBXFileReference; lastKnownFileType = sourcecode.swift; path = TitleLabel.swift; sourceTree = "<group>"; };
		B4AA9AAB2B217EF00053E663 /* NoticeLabel.swift */ = {isa = PBXFileReference; lastKnownFileType = sourcecode.swift; path = NoticeLabel.swift; sourceTree = "<group>"; };
		B4AA9AAD2B217F750053E663 /* DefaultTextField.swift */ = {isa = PBXFileReference; lastKnownFileType = sourcecode.swift; path = DefaultTextField.swift; sourceTree = "<group>"; };
		B4AA9AAF2B2185B90053E663 /* NameAndTermOfUseView.swift */ = {isa = PBXFileReference; lastKnownFileType = sourcecode.swift; path = NameAndTermOfUseView.swift; sourceTree = "<group>"; };
		B4AA9AB12B2187D70053E663 /* NameAndTermOfUseViewController.swift */ = {isa = PBXFileReference; lastKnownFileType = sourcecode.swift; path = NameAndTermOfUseViewController.swift; sourceTree = "<group>"; };
/* End PBXFileReference section */

/* Begin PBXFrameworksBuildPhase section */
		B450177B2B12D65D00373308 /* Frameworks */ = {
			isa = PBXFrameworksBuildPhase;
			buildActionMask = 2147483647;
			files = (
				B45017CA2B12DC3600373308 /* SnapKit in Frameworks */,
			);
			runOnlyForDeploymentPostprocessing = 0;
		};
		B45017912B12D65F00373308 /* Frameworks */ = {
			isa = PBXFrameworksBuildPhase;
			buildActionMask = 2147483647;
			files = (
			);
			runOnlyForDeploymentPostprocessing = 0;
		};
		B450179B2B12D65F00373308 /* Frameworks */ = {
			isa = PBXFrameworksBuildPhase;
			buildActionMask = 2147483647;
			files = (
			);
			runOnlyForDeploymentPostprocessing = 0;
		};
/* End PBXFrameworksBuildPhase section */

/* Begin PBXGroup section */
		B40D97B32B130369004DBC1F /* Extensions */ = {
			isa = PBXGroup;
			children = (
				B40D97B42B13038E004DBC1F /* UIImage+Extensions.swift */,
				B40D97BA2B15D80F004DBC1F /* UIColor+Extensions.swift */,
				B40D97BC2B15DE33004DBC1F /* UIFont+Extensions.swift */,
			);
			path = Extensions;
			sourceTree = "<group>";
		};
		B40D97C22B15E113004DBC1F /* Resources */ = {
			isa = PBXGroup;
			children = (
				B4AA9A9C2B197CC30053E663 /* Components */,
				B450178C2B12D65E00373308 /* LaunchScreen.storyboard */,
				B450178A2B12D65E00373308 /* Assets.xcassets */,
				B45017872B12D65D00373308 /* Main.storyboard */,
				B40D97C32B15E126004DBC1F /* Coordinator */,
			);
			path = Resources;
			sourceTree = "<group>";
		};
		B40D97C32B15E126004DBC1F /* Coordinator */ = {
			isa = PBXGroup;
			children = (
				B40D97BF2B15DFF4004DBC1F /* Coordinator.swift */,
				B40D97BE2B15DFF4004DBC1F /* MainCoordinator.swift */,
			);
			path = Coordinator;
			sourceTree = "<group>";
		};
		B40D97C42B15E163004DBC1F /* SignUpEmail */ = {
			isa = PBXGroup;
			children = (
				B40D97C82B15E243004DBC1F /* SignUpEmailModel */,
				B40D97C72B15E23B004DBC1F /* SignUpEmailView */,
				B40D97C62B15E22A004DBC1F /* SignUpEmailViewModel */,
				B40D97C52B15E20D004DBC1F /* SignUpEmailController */,
			);
			path = SignUpEmail;
			sourceTree = "<group>";
		};
		B40D97C52B15E20D004DBC1F /* SignUpEmailController */ = {
			isa = PBXGroup;
			children = (
				B40D97C92B15E2BA004DBC1F /* InsertEmailViewController.swift */,
				B4AA9A942B16E9750053E663 /* CreatePasswordForEmailViewController.swift */,
				B4AA9A962B196FFA0053E663 /* DateOfBirthViewController.swift */,
				B4AA9AA22B1F8F3D0053E663 /* GenderViewController.swift */,
				B4AA9AB12B2187D70053E663 /* NameAndTermOfUseViewController.swift */,
			);
			path = SignUpEmailController;
			sourceTree = "<group>";
		};
		B40D97C62B15E22A004DBC1F /* SignUpEmailViewModel */ = {
			isa = PBXGroup;
			children = (
				B4AA9A8D2B169CC90053E663 /* InsertEmailViewModel.swift */,
				B4AA9A902B16E7D60053E663 /* CreatePasswordForEmailViewModel.swift */,
				B4AA9A9A2B1970D00053E663 /* DateOfBirthViewModel.swift */,
				B4AA9AA42B1F8FE30053E663 /* GenderViewModel.swift */,
			);
			path = SignUpEmailViewModel;
			sourceTree = "<group>";
		};
		B40D97C72B15E23B004DBC1F /* SignUpEmailView */ = {
			isa = PBXGroup;
			children = (
				B40D97CD2B15E77E004DBC1F /* InsertEmailView.swift */,
				B4AA9A922B16E7ED0053E663 /* CreatePasswordForEmailView.swift */,
				B4AA9A982B19705D0053E663 /* DateOfBirthView.swift */,
				B4AA9A9F2B1F8E100053E663 /* GenderView.swift */,
				B4AA9AAF2B2185B90053E663 /* NameAndTermOfUseView.swift */,
			);
			path = SignUpEmailView;
			sourceTree = "<group>";
		};
		B40D97C82B15E243004DBC1F /* SignUpEmailModel */ = {
			isa = PBXGroup;
			children = (
			);
			path = SignUpEmailModel;
			sourceTree = "<group>";
		};
		B45017752B12D65D00373308 = {
			isa = PBXGroup;
			children = (
				B45017802B12D65D00373308 /* SpotifyClone */,
				B45017972B12D65F00373308 /* SpotifyCloneTests */,
				B45017A12B12D65F00373308 /* SpotifyCloneUITests */,
				B450177F2B12D65D00373308 /* Products */,
			);
			sourceTree = "<group>";
		};
		B450177F2B12D65D00373308 /* Products */ = {
			isa = PBXGroup;
			children = (
				B450177E2B12D65D00373308 /* SpotifyClone.app */,
				B45017942B12D65F00373308 /* SpotifyCloneTests.xctest */,
				B450179E2B12D65F00373308 /* SpotifyCloneUITests.xctest */,
			);
			name = Products;
			sourceTree = "<group>";
		};
		B45017802B12D65D00373308 /* SpotifyClone */ = {
			isa = PBXGroup;
			children = (
				B45017C62B12DAA800373308 /* Delegate */,
				B40D97C22B15E113004DBC1F /* Resources */,
				B40D97B32B130369004DBC1F /* Extensions */,
				B45017BF2B12DA9C00373308 /* Bases */,
				B45017B12B12D8A800373308 /* Login */,
				B40D97C42B15E163004DBC1F /* SignUpEmail */,
				B450178F2B12D65E00373308 /* Info.plist */,
			);
			path = SpotifyClone;
			sourceTree = "<group>";
		};
		B45017972B12D65F00373308 /* SpotifyCloneTests */ = {
			isa = PBXGroup;
			children = (
				B45017982B12D65F00373308 /* SpotifyCloneTests.swift */,
			);
			path = SpotifyCloneTests;
			sourceTree = "<group>";
		};
		B45017A12B12D65F00373308 /* SpotifyCloneUITests */ = {
			isa = PBXGroup;
			children = (
				B45017A22B12D65F00373308 /* SpotifyCloneUITests.swift */,
				B45017A42B12D65F00373308 /* SpotifyCloneUITestsLaunchTests.swift */,
			);
			path = SpotifyCloneUITests;
			sourceTree = "<group>";
		};
		B45017B12B12D8A800373308 /* Login */ = {
			isa = PBXGroup;
			children = (
				B45017B42B12D8F700373308 /* LoginModel */,
				B45017B62B12D93B00373308 /* LoginView */,
				B45017B72B12D94200373308 /* LoginViewModel */,
				B45017B82B12D94800373308 /* LoginController */,
			);
			path = Login;
			sourceTree = "<group>";
		};
		B45017B42B12D8F700373308 /* LoginModel */ = {
			isa = PBXGroup;
			children = (
			);
			name = LoginModel;
			path = "New Group/New Group/LoginModel";
			sourceTree = "<group>";
		};
		B45017B62B12D93B00373308 /* LoginView */ = {
			isa = PBXGroup;
			children = (
				B45017BB2B12D9F300373308 /* LoginViewScreen.swift */,
			);
			path = LoginView;
			sourceTree = "<group>";
		};
		B45017B72B12D94200373308 /* LoginViewModel */ = {
			isa = PBXGroup;
			children = (
				B40D97CB2B15E3F9004DBC1F /* LoginViewModel.swift */,
			);
			path = LoginViewModel;
			sourceTree = "<group>";
		};
		B45017B82B12D94800373308 /* LoginController */ = {
			isa = PBXGroup;
			children = (
				B45017852B12D65D00373308 /* LoginViewController.swift */,
			);
			path = LoginController;
			sourceTree = "<group>";
		};
		B45017BF2B12DA9C00373308 /* Bases */ = {
			isa = PBXGroup;
			children = (
				B45017C02B12DA9C00373308 /* BaseTableViewCell.swift */,
				B45017C12B12DA9C00373308 /* BaseViewCell.swift */,
				B45017C22B12DA9C00373308 /* BaseView.swift */,
			);
			path = Bases;
			sourceTree = "<group>";
		};
		B45017C62B12DAA800373308 /* Delegate */ = {
			isa = PBXGroup;
			children = (
				B45017832B12D65D00373308 /* SceneDelegate.swift */,
				B45017812B12D65D00373308 /* AppDelegate.swift */,
			);
			path = Delegate;
			sourceTree = "<group>";
		};
		B4AA9A9C2B197CC30053E663 /* Components */ = {
			isa = PBXGroup;
			children = (
				B4AA9AA62B217A640053E663 /* NextButton.swift */,
				B4AA9AA92B217BB70053E663 /* TitleLabel.swift */,
				B4AA9AAB2B217EF00053E663 /* NoticeLabel.swift */,
				B4AA9AAD2B217F750053E663 /* DefaultTextField.swift */,
			);
			path = Components;
			sourceTree = "<group>";
		};
/* End PBXGroup section */

/* Begin PBXNativeTarget section */
		B450177D2B12D65D00373308 /* SpotifyClone */ = {
			isa = PBXNativeTarget;
			buildConfigurationList = B45017A82B12D65F00373308 /* Build configuration list for PBXNativeTarget "SpotifyClone" */;
			buildPhases = (
				B450177A2B12D65D00373308 /* Sources */,
				B450177B2B12D65D00373308 /* Frameworks */,
				B450177C2B12D65D00373308 /* Resources */,
			);
			buildRules = (
			);
			dependencies = (
			);
			name = SpotifyClone;
			packageProductDependencies = (
				B45017C92B12DC3600373308 /* SnapKit */,
			);
			productName = SpotifyClone;
			productReference = B450177E2B12D65D00373308 /* SpotifyClone.app */;
			productType = "com.apple.product-type.application";
		};
		B45017932B12D65F00373308 /* SpotifyCloneTests */ = {
			isa = PBXNativeTarget;
			buildConfigurationList = B45017AB2B12D65F00373308 /* Build configuration list for PBXNativeTarget "SpotifyCloneTests" */;
			buildPhases = (
				B45017902B12D65F00373308 /* Sources */,
				B45017912B12D65F00373308 /* Frameworks */,
				B45017922B12D65F00373308 /* Resources */,
			);
			buildRules = (
			);
			dependencies = (
				B45017962B12D65F00373308 /* PBXTargetDependency */,
			);
			name = SpotifyCloneTests;
			productName = SpotifyCloneTests;
			productReference = B45017942B12D65F00373308 /* SpotifyCloneTests.xctest */;
			productType = "com.apple.product-type.bundle.unit-test";
		};
		B450179D2B12D65F00373308 /* SpotifyCloneUITests */ = {
			isa = PBXNativeTarget;
			buildConfigurationList = B45017AE2B12D65F00373308 /* Build configuration list for PBXNativeTarget "SpotifyCloneUITests" */;
			buildPhases = (
				B450179A2B12D65F00373308 /* Sources */,
				B450179B2B12D65F00373308 /* Frameworks */,
				B450179C2B12D65F00373308 /* Resources */,
			);
			buildRules = (
			);
			dependencies = (
				B45017A02B12D65F00373308 /* PBXTargetDependency */,
			);
			name = SpotifyCloneUITests;
			productName = SpotifyCloneUITests;
			productReference = B450179E2B12D65F00373308 /* SpotifyCloneUITests.xctest */;
			productType = "com.apple.product-type.bundle.ui-testing";
		};
/* End PBXNativeTarget section */

/* Begin PBXProject section */
		B45017762B12D65D00373308 /* Project object */ = {
			isa = PBXProject;
			attributes = {
				BuildIndependentTargetsInParallel = 1;
				LastSwiftUpdateCheck = 1500;
				LastUpgradeCheck = 1500;
				TargetAttributes = {
					B450177D2B12D65D00373308 = {
						CreatedOnToolsVersion = 15.0.1;
					};
					B45017932B12D65F00373308 = {
						CreatedOnToolsVersion = 15.0.1;
						TestTargetID = B450177D2B12D65D00373308;
					};
					B450179D2B12D65F00373308 = {
						CreatedOnToolsVersion = 15.0.1;
						TestTargetID = B450177D2B12D65D00373308;
					};
				};
			};
			buildConfigurationList = B45017792B12D65D00373308 /* Build configuration list for PBXProject "SpotifyClone" */;
			compatibilityVersion = "Xcode 14.0";
			developmentRegion = en;
			hasScannedForEncodings = 0;
			knownRegions = (
				en,
				Base,
			);
			mainGroup = B45017752B12D65D00373308;
			packageReferences = (
				B45017C82B12DC3600373308 /* XCRemoteSwiftPackageReference "SnapKit" */,
			);
			productRefGroup = B450177F2B12D65D00373308 /* Products */;
			projectDirPath = "";
			projectRoot = "";
			targets = (
				B450177D2B12D65D00373308 /* SpotifyClone */,
				B45017932B12D65F00373308 /* SpotifyCloneTests */,
				B450179D2B12D65F00373308 /* SpotifyCloneUITests */,
			);
		};
/* End PBXProject section */

/* Begin PBXResourcesBuildPhase section */
		B450177C2B12D65D00373308 /* Resources */ = {
			isa = PBXResourcesBuildPhase;
			buildActionMask = 2147483647;
			files = (
				B450178E2B12D65E00373308 /* LaunchScreen.storyboard in Resources */,
				B450178B2B12D65E00373308 /* Assets.xcassets in Resources */,
				B45017892B12D65D00373308 /* Main.storyboard in Resources */,
			);
			runOnlyForDeploymentPostprocessing = 0;
		};
		B45017922B12D65F00373308 /* Resources */ = {
			isa = PBXResourcesBuildPhase;
			buildActionMask = 2147483647;
			files = (
			);
			runOnlyForDeploymentPostprocessing = 0;
		};
		B450179C2B12D65F00373308 /* Resources */ = {
			isa = PBXResourcesBuildPhase;
			buildActionMask = 2147483647;
			files = (
			);
			runOnlyForDeploymentPostprocessing = 0;
		};
/* End PBXResourcesBuildPhase section */

/* Begin PBXSourcesBuildPhase section */
		B450177A2B12D65D00373308 /* Sources */ = {
			isa = PBXSourcesBuildPhase;
			buildActionMask = 2147483647;
			files = (
				B45017862B12D65D00373308 /* LoginViewController.swift in Sources */,
				B45017C42B12DA9C00373308 /* BaseViewCell.swift in Sources */,
				B4AA9A932B16E7ED0053E663 /* CreatePasswordForEmailView.swift in Sources */,
				B4AA9A9B2B1970D00053E663 /* DateOfBirthViewModel.swift in Sources */,
				B4AA9A8E2B169CC90053E663 /* InsertEmailViewModel.swift in Sources */,
				B45017822B12D65D00373308 /* AppDelegate.swift in Sources */,
				B45017BC2B12D9F300373308 /* LoginViewScreen.swift in Sources */,
				B4AA9AB22B2187D70053E663 /* NameAndTermOfUseViewController.swift in Sources */,
				B45017C52B12DA9C00373308 /* BaseView.swift in Sources */,
				B40D97C02B15DFF4004DBC1F /* MainCoordinator.swift in Sources */,
				B4AA9AA32B1F8F3D0053E663 /* GenderViewController.swift in Sources */,
				B40D97CC2B15E3F9004DBC1F /* LoginViewModel.swift in Sources */,
				B4AA9A912B16E7D60053E663 /* CreatePasswordForEmailViewModel.swift in Sources */,
				B45017C32B12DA9C00373308 /* BaseTableViewCell.swift in Sources */,
				B45017842B12D65D00373308 /* SceneDelegate.swift in Sources */,
				B40D97C12B15DFF4004DBC1F /* Coordinator.swift in Sources */,
				B4AA9AB02B2185B90053E663 /* NameAndTermOfUseView.swift in Sources */,
				B4AA9AA72B217A640053E663 /* NextButton.swift in Sources */,
				B40D97BB2B15D80F004DBC1F /* UIColor+Extensions.swift in Sources */,
				B40D97BD2B15DE33004DBC1F /* UIFont+Extensions.swift in Sources */,
				B40D97CE2B15E77E004DBC1F /* InsertEmailView.swift in Sources */,
				B4AA9AA52B1F8FE30053E663 /* GenderViewModel.swift in Sources */,
				B4AA9AA02B1F8E100053E663 /* GenderView.swift in Sources */,
				B40D97CA2B15E2BA004DBC1F /* InsertEmailViewController.swift in Sources */,
				B4AA9AAE2B217F750053E663 /* DefaultTextField.swift in Sources */,
				B4AA9AAC2B217EF00053E663 /* NoticeLabel.swift in Sources */,
				B4AA9A992B19705D0053E663 /* DateOfBirthView.swift in Sources */,
				B4AA9A952B16E9750053E663 /* CreatePasswordForEmailViewController.swift in Sources */,
				B4AA9AAA2B217BB70053E663 /* TitleLabel.swift in Sources */,
				B4AA9A972B196FFA0053E663 /* DateOfBirthViewController.swift in Sources */,
				B40D97B52B13038E004DBC1F /* UIImage+Extensions.swift in Sources */,
			);
			runOnlyForDeploymentPostprocessing = 0;
		};
		B45017902B12D65F00373308 /* Sources */ = {
			isa = PBXSourcesBuildPhase;
			buildActionMask = 2147483647;
			files = (
				B45017992B12D65F00373308 /* SpotifyCloneTests.swift in Sources */,
			);
			runOnlyForDeploymentPostprocessing = 0;
		};
		B450179A2B12D65F00373308 /* Sources */ = {
			isa = PBXSourcesBuildPhase;
			buildActionMask = 2147483647;
			files = (
				B45017A32B12D65F00373308 /* SpotifyCloneUITests.swift in Sources */,
				B45017A52B12D65F00373308 /* SpotifyCloneUITestsLaunchTests.swift in Sources */,
			);
			runOnlyForDeploymentPostprocessing = 0;
		};
/* End PBXSourcesBuildPhase section */

/* Begin PBXTargetDependency section */
		B45017962B12D65F00373308 /* PBXTargetDependency */ = {
			isa = PBXTargetDependency;
			target = B450177D2B12D65D00373308 /* SpotifyClone */;
			targetProxy = B45017952B12D65F00373308 /* PBXContainerItemProxy */;
		};
		B45017A02B12D65F00373308 /* PBXTargetDependency */ = {
			isa = PBXTargetDependency;
			target = B450177D2B12D65D00373308 /* SpotifyClone */;
			targetProxy = B450179F2B12D65F00373308 /* PBXContainerItemProxy */;
		};
/* End PBXTargetDependency section */

/* Begin PBXVariantGroup section */
		B45017872B12D65D00373308 /* Main.storyboard */ = {
			isa = PBXVariantGroup;
			children = (
				B45017882B12D65D00373308 /* Base */,
			);
			name = Main.storyboard;
			sourceTree = "<group>";
		};
		B450178C2B12D65E00373308 /* LaunchScreen.storyboard */ = {
			isa = PBXVariantGroup;
			children = (
				B450178D2B12D65E00373308 /* Base */,
			);
			name = LaunchScreen.storyboard;
			sourceTree = "<group>";
		};
/* End PBXVariantGroup section */

/* Begin XCBuildConfiguration section */
		B45017A62B12D65F00373308 /* Debug */ = {
			isa = XCBuildConfiguration;
			buildSettings = {
				ALWAYS_SEARCH_USER_PATHS = NO;
				ASSETCATALOG_COMPILER_GENERATE_SWIFT_ASSET_SYMBOL_EXTENSIONS = YES;
				CLANG_ANALYZER_NONNULL = YES;
				CLANG_ANALYZER_NUMBER_OBJECT_CONVERSION = YES_AGGRESSIVE;
				CLANG_CXX_LANGUAGE_STANDARD = "gnu++20";
				CLANG_ENABLE_MODULES = YES;
				CLANG_ENABLE_OBJC_ARC = YES;
				CLANG_ENABLE_OBJC_WEAK = YES;
				CLANG_WARN_BLOCK_CAPTURE_AUTORELEASING = YES;
				CLANG_WARN_BOOL_CONVERSION = YES;
				CLANG_WARN_COMMA = YES;
				CLANG_WARN_CONSTANT_CONVERSION = YES;
				CLANG_WARN_DEPRECATED_OBJC_IMPLEMENTATIONS = YES;
				CLANG_WARN_DIRECT_OBJC_ISA_USAGE = YES_ERROR;
				CLANG_WARN_DOCUMENTATION_COMMENTS = YES;
				CLANG_WARN_EMPTY_BODY = YES;
				CLANG_WARN_ENUM_CONVERSION = YES;
				CLANG_WARN_INFINITE_RECURSION = YES;
				CLANG_WARN_INT_CONVERSION = YES;
				CLANG_WARN_NON_LITERAL_NULL_CONVERSION = YES;
				CLANG_WARN_OBJC_IMPLICIT_RETAIN_SELF = YES;
				CLANG_WARN_OBJC_LITERAL_CONVERSION = YES;
				CLANG_WARN_OBJC_ROOT_CLASS = YES_ERROR;
				CLANG_WARN_QUOTED_INCLUDE_IN_FRAMEWORK_HEADER = YES;
				CLANG_WARN_RANGE_LOOP_ANALYSIS = YES;
				CLANG_WARN_STRICT_PROTOTYPES = YES;
				CLANG_WARN_SUSPICIOUS_MOVE = YES;
				CLANG_WARN_UNGUARDED_AVAILABILITY = YES_AGGRESSIVE;
				CLANG_WARN_UNREACHABLE_CODE = YES;
				CLANG_WARN__DUPLICATE_METHOD_MATCH = YES;
				COPY_PHASE_STRIP = NO;
				DEBUG_INFORMATION_FORMAT = dwarf;
				ENABLE_STRICT_OBJC_MSGSEND = YES;
				ENABLE_TESTABILITY = YES;
				ENABLE_USER_SCRIPT_SANDBOXING = YES;
				GCC_C_LANGUAGE_STANDARD = gnu17;
				GCC_DYNAMIC_NO_PIC = NO;
				GCC_NO_COMMON_BLOCKS = YES;
				GCC_OPTIMIZATION_LEVEL = 0;
				GCC_PREPROCESSOR_DEFINITIONS = (
					"DEBUG=1",
					"$(inherited)",
				);
				GCC_WARN_64_TO_32_BIT_CONVERSION = YES;
				GCC_WARN_ABOUT_RETURN_TYPE = YES_ERROR;
				GCC_WARN_UNDECLARED_SELECTOR = YES;
				GCC_WARN_UNINITIALIZED_AUTOS = YES_AGGRESSIVE;
				GCC_WARN_UNUSED_FUNCTION = YES;
				GCC_WARN_UNUSED_VARIABLE = YES;
				IPHONEOS_DEPLOYMENT_TARGET = 17.0;
				LOCALIZATION_PREFERS_STRING_CATALOGS = YES;
				MTL_ENABLE_DEBUG_INFO = INCLUDE_SOURCE;
				MTL_FAST_MATH = YES;
				ONLY_ACTIVE_ARCH = YES;
				SDKROOT = iphoneos;
				SWIFT_ACTIVE_COMPILATION_CONDITIONS = "DEBUG $(inherited)";
				SWIFT_OPTIMIZATION_LEVEL = "-Onone";
			};
			name = Debug;
		};
		B45017A72B12D65F00373308 /* Release */ = {
			isa = XCBuildConfiguration;
			buildSettings = {
				ALWAYS_SEARCH_USER_PATHS = NO;
				ASSETCATALOG_COMPILER_GENERATE_SWIFT_ASSET_SYMBOL_EXTENSIONS = YES;
				CLANG_ANALYZER_NONNULL = YES;
				CLANG_ANALYZER_NUMBER_OBJECT_CONVERSION = YES_AGGRESSIVE;
				CLANG_CXX_LANGUAGE_STANDARD = "gnu++20";
				CLANG_ENABLE_MODULES = YES;
				CLANG_ENABLE_OBJC_ARC = YES;
				CLANG_ENABLE_OBJC_WEAK = YES;
				CLANG_WARN_BLOCK_CAPTURE_AUTORELEASING = YES;
				CLANG_WARN_BOOL_CONVERSION = YES;
				CLANG_WARN_COMMA = YES;
				CLANG_WARN_CONSTANT_CONVERSION = YES;
				CLANG_WARN_DEPRECATED_OBJC_IMPLEMENTATIONS = YES;
				CLANG_WARN_DIRECT_OBJC_ISA_USAGE = YES_ERROR;
				CLANG_WARN_DOCUMENTATION_COMMENTS = YES;
				CLANG_WARN_EMPTY_BODY = YES;
				CLANG_WARN_ENUM_CONVERSION = YES;
				CLANG_WARN_INFINITE_RECURSION = YES;
				CLANG_WARN_INT_CONVERSION = YES;
				CLANG_WARN_NON_LITERAL_NULL_CONVERSION = YES;
				CLANG_WARN_OBJC_IMPLICIT_RETAIN_SELF = YES;
				CLANG_WARN_OBJC_LITERAL_CONVERSION = YES;
				CLANG_WARN_OBJC_ROOT_CLASS = YES_ERROR;
				CLANG_WARN_QUOTED_INCLUDE_IN_FRAMEWORK_HEADER = YES;
				CLANG_WARN_RANGE_LOOP_ANALYSIS = YES;
				CLANG_WARN_STRICT_PROTOTYPES = YES;
				CLANG_WARN_SUSPICIOUS_MOVE = YES;
				CLANG_WARN_UNGUARDED_AVAILABILITY = YES_AGGRESSIVE;
				CLANG_WARN_UNREACHABLE_CODE = YES;
				CLANG_WARN__DUPLICATE_METHOD_MATCH = YES;
				COPY_PHASE_STRIP = NO;
				DEBUG_INFORMATION_FORMAT = "dwarf-with-dsym";
				ENABLE_NS_ASSERTIONS = NO;
				ENABLE_STRICT_OBJC_MSGSEND = YES;
				ENABLE_USER_SCRIPT_SANDBOXING = YES;
				GCC_C_LANGUAGE_STANDARD = gnu17;
				GCC_NO_COMMON_BLOCKS = YES;
				GCC_WARN_64_TO_32_BIT_CONVERSION = YES;
				GCC_WARN_ABOUT_RETURN_TYPE = YES_ERROR;
				GCC_WARN_UNDECLARED_SELECTOR = YES;
				GCC_WARN_UNINITIALIZED_AUTOS = YES_AGGRESSIVE;
				GCC_WARN_UNUSED_FUNCTION = YES;
				GCC_WARN_UNUSED_VARIABLE = YES;
				IPHONEOS_DEPLOYMENT_TARGET = 17.0;
				LOCALIZATION_PREFERS_STRING_CATALOGS = YES;
				MTL_ENABLE_DEBUG_INFO = NO;
				MTL_FAST_MATH = YES;
				SDKROOT = iphoneos;
				SWIFT_COMPILATION_MODE = wholemodule;
				VALIDATE_PRODUCT = YES;
			};
			name = Release;
		};
		B45017A92B12D65F00373308 /* Debug */ = {
			isa = XCBuildConfiguration;
			buildSettings = {
				ASSETCATALOG_COMPILER_APPICON_NAME = AppIcon;
				ASSETCATALOG_COMPILER_GLOBAL_ACCENT_COLOR_NAME = AccentColor;
				CODE_SIGN_STYLE = Automatic;
				CURRENT_PROJECT_VERSION = 1;
				DEVELOPMENT_TEAM = 4632WH4KAM;
				GENERATE_INFOPLIST_FILE = YES;
				INFOPLIST_FILE = SpotifyClone/Info.plist;
				INFOPLIST_KEY_UIApplicationSupportsIndirectInputEvents = YES;
				INFOPLIST_KEY_UILaunchStoryboardName = LaunchScreen;
				INFOPLIST_KEY_UISupportedInterfaceOrientations_iPad = "UIInterfaceOrientationPortrait UIInterfaceOrientationPortraitUpsideDown UIInterfaceOrientationLandscapeLeft UIInterfaceOrientationLandscapeRight";
				INFOPLIST_KEY_UISupportedInterfaceOrientations_iPhone = "UIInterfaceOrientationPortrait UIInterfaceOrientationLandscapeLeft UIInterfaceOrientationLandscapeRight";
				LD_RUNPATH_SEARCH_PATHS = (
					"$(inherited)",
					"@executable_path/Frameworks",
				);
				MARKETING_VERSION = 1.0;
				PRODUCT_BUNDLE_IDENTIFIER = com.multitech.SpotifyClone;
				PRODUCT_NAME = "$(TARGET_NAME)";
				SWIFT_EMIT_LOC_STRINGS = YES;
				SWIFT_VERSION = 5.0;
				TARGETED_DEVICE_FAMILY = "1,2";
			};
			name = Debug;
		};
		B45017AA2B12D65F00373308 /* Release */ = {
			isa = XCBuildConfiguration;
			buildSettings = {
				ASSETCATALOG_COMPILER_APPICON_NAME = AppIcon;
				ASSETCATALOG_COMPILER_GLOBAL_ACCENT_COLOR_NAME = AccentColor;
				CODE_SIGN_STYLE = Automatic;
				CURRENT_PROJECT_VERSION = 1;
				DEVELOPMENT_TEAM = 4632WH4KAM;
				GENERATE_INFOPLIST_FILE = YES;
				INFOPLIST_FILE = SpotifyClone/Info.plist;
				INFOPLIST_KEY_UIApplicationSupportsIndirectInputEvents = YES;
				INFOPLIST_KEY_UILaunchStoryboardName = LaunchScreen;
				INFOPLIST_KEY_UISupportedInterfaceOrientations_iPad = "UIInterfaceOrientationPortrait UIInterfaceOrientationPortraitUpsideDown UIInterfaceOrientationLandscapeLeft UIInterfaceOrientationLandscapeRight";
				INFOPLIST_KEY_UISupportedInterfaceOrientations_iPhone = "UIInterfaceOrientationPortrait UIInterfaceOrientationLandscapeLeft UIInterfaceOrientationLandscapeRight";
				LD_RUNPATH_SEARCH_PATHS = (
					"$(inherited)",
					"@executable_path/Frameworks",
				);
				MARKETING_VERSION = 1.0;
				PRODUCT_BUNDLE_IDENTIFIER = com.multitech.SpotifyClone;
				PRODUCT_NAME = "$(TARGET_NAME)";
				SWIFT_EMIT_LOC_STRINGS = YES;
				SWIFT_VERSION = 5.0;
				TARGETED_DEVICE_FAMILY = "1,2";
			};
			name = Release;
		};
		B45017AC2B12D65F00373308 /* Debug */ = {
			isa = XCBuildConfiguration;
			buildSettings = {
				ALWAYS_EMBED_SWIFT_STANDARD_LIBRARIES = YES;
				BUNDLE_LOADER = "$(TEST_HOST)";
				CODE_SIGN_STYLE = Automatic;
				CURRENT_PROJECT_VERSION = 1;
				DEVELOPMENT_TEAM = 4632WH4KAM;
				GENERATE_INFOPLIST_FILE = YES;
				IPHONEOS_DEPLOYMENT_TARGET = 17.0;
				MARKETING_VERSION = 1.0;
				PRODUCT_BUNDLE_IDENTIFIER = com.multitech.SpotifyCloneTests;
				PRODUCT_NAME = "$(TARGET_NAME)";
				SWIFT_EMIT_LOC_STRINGS = NO;
				SWIFT_VERSION = 5.0;
				TARGETED_DEVICE_FAMILY = "1,2";
				TEST_HOST = "$(BUILT_PRODUCTS_DIR)/SpotifyClone.app/$(BUNDLE_EXECUTABLE_FOLDER_PATH)/SpotifyClone";
			};
			name = Debug;
		};
		B45017AD2B12D65F00373308 /* Release */ = {
			isa = XCBuildConfiguration;
			buildSettings = {
				ALWAYS_EMBED_SWIFT_STANDARD_LIBRARIES = YES;
				BUNDLE_LOADER = "$(TEST_HOST)";
				CODE_SIGN_STYLE = Automatic;
				CURRENT_PROJECT_VERSION = 1;
				DEVELOPMENT_TEAM = 4632WH4KAM;
				GENERATE_INFOPLIST_FILE = YES;
				IPHONEOS_DEPLOYMENT_TARGET = 17.0;
				MARKETING_VERSION = 1.0;
				PRODUCT_BUNDLE_IDENTIFIER = com.multitech.SpotifyCloneTests;
				PRODUCT_NAME = "$(TARGET_NAME)";
				SWIFT_EMIT_LOC_STRINGS = NO;
				SWIFT_VERSION = 5.0;
				TARGETED_DEVICE_FAMILY = "1,2";
				TEST_HOST = "$(BUILT_PRODUCTS_DIR)/SpotifyClone.app/$(BUNDLE_EXECUTABLE_FOLDER_PATH)/SpotifyClone";
			};
			name = Release;
		};
		B45017AF2B12D65F00373308 /* Debug */ = {
			isa = XCBuildConfiguration;
			buildSettings = {
				ALWAYS_EMBED_SWIFT_STANDARD_LIBRARIES = YES;
				CODE_SIGN_STYLE = Automatic;
				CURRENT_PROJECT_VERSION = 1;
				DEVELOPMENT_TEAM = 4632WH4KAM;
				GENERATE_INFOPLIST_FILE = YES;
				MARKETING_VERSION = 1.0;
				PRODUCT_BUNDLE_IDENTIFIER = com.multitech.SpotifyCloneUITests;
				PRODUCT_NAME = "$(TARGET_NAME)";
				SWIFT_EMIT_LOC_STRINGS = NO;
				SWIFT_VERSION = 5.0;
				TARGETED_DEVICE_FAMILY = "1,2";
				TEST_TARGET_NAME = SpotifyClone;
			};
			name = Debug;
		};
		B45017B02B12D65F00373308 /* Release */ = {
			isa = XCBuildConfiguration;
			buildSettings = {
				ALWAYS_EMBED_SWIFT_STANDARD_LIBRARIES = YES;
				CODE_SIGN_STYLE = Automatic;
				CURRENT_PROJECT_VERSION = 1;
				DEVELOPMENT_TEAM = 4632WH4KAM;
				GENERATE_INFOPLIST_FILE = YES;
				MARKETING_VERSION = 1.0;
				PRODUCT_BUNDLE_IDENTIFIER = com.multitech.SpotifyCloneUITests;
				PRODUCT_NAME = "$(TARGET_NAME)";
				SWIFT_EMIT_LOC_STRINGS = NO;
				SWIFT_VERSION = 5.0;
				TARGETED_DEVICE_FAMILY = "1,2";
				TEST_TARGET_NAME = SpotifyClone;
			};
			name = Release;
		};
/* End XCBuildConfiguration section */

/* Begin XCConfigurationList section */
		B45017792B12D65D00373308 /* Build configuration list for PBXProject "SpotifyClone" */ = {
			isa = XCConfigurationList;
			buildConfigurations = (
				B45017A62B12D65F00373308 /* Debug */,
				B45017A72B12D65F00373308 /* Release */,
			);
			defaultConfigurationIsVisible = 0;
			defaultConfigurationName = Release;
		};
		B45017A82B12D65F00373308 /* Build configuration list for PBXNativeTarget "SpotifyClone" */ = {
			isa = XCConfigurationList;
			buildConfigurations = (
				B45017A92B12D65F00373308 /* Debug */,
				B45017AA2B12D65F00373308 /* Release */,
			);
			defaultConfigurationIsVisible = 0;
			defaultConfigurationName = Release;
		};
		B45017AB2B12D65F00373308 /* Build configuration list for PBXNativeTarget "SpotifyCloneTests" */ = {
			isa = XCConfigurationList;
			buildConfigurations = (
				B45017AC2B12D65F00373308 /* Debug */,
				B45017AD2B12D65F00373308 /* Release */,
			);
			defaultConfigurationIsVisible = 0;
			defaultConfigurationName = Release;
		};
		B45017AE2B12D65F00373308 /* Build configuration list for PBXNativeTarget "SpotifyCloneUITests" */ = {
			isa = XCConfigurationList;
			buildConfigurations = (
				B45017AF2B12D65F00373308 /* Debug */,
				B45017B02B12D65F00373308 /* Release */,
			);
			defaultConfigurationIsVisible = 0;
			defaultConfigurationName = Release;
		};
/* End XCConfigurationList section */

/* Begin XCRemoteSwiftPackageReference section */
		B45017C82B12DC3600373308 /* XCRemoteSwiftPackageReference "SnapKit" */ = {
			isa = XCRemoteSwiftPackageReference;
			repositoryURL = "https://github.com/SnapKit/SnapKit.git";
			requirement = {
				kind = upToNextMajorVersion;
				minimumVersion = 5.6.0;
			};
		};
/* End XCRemoteSwiftPackageReference section */

/* Begin XCSwiftPackageProductDependency section */
		B45017C92B12DC3600373308 /* SnapKit */ = {
			isa = XCSwiftPackageProductDependency;
			package = B45017C82B12DC3600373308 /* XCRemoteSwiftPackageReference "SnapKit" */;
			productName = SnapKit;
		};
/* End XCSwiftPackageProductDependency section */
	};
	rootObject = B45017762B12D65D00373308 /* Project object */;
}
